
Microsoft Visual Studio Solution File, Format Version 12.00
# Visual Studio 15
Project("{FAE04EC0-301F-11D3-BF4B-00C04F79EFBC}") = "TableViewDemo", "TableViewDemo.csproj", "{4DACE304-12AA-4E2D-AE95-DAA5BF3F2C26}"
EndProject
Global
	GlobalSection(SolutionConfigurationPlatforms) = preSolution
		Debug|iPhoneSimulator = Debug|iPhoneSimulator
		Release|iPhoneSimulator = Release|iPhoneSimulator
		Debug|iPhone = Debug|iPhone
		Release|iPhone = Release|iPhone
	EndGlobalSection
	GlobalSection(ProjectConfigurationPlatforms) = postSolution
		{4DACE304-12AA-4E2D-AE95-DAA5BF3F2C26}.Debug|iPhoneSimulator.ActiveCfg = Debug|iPhoneSimulator
		{4DACE304-12AA-4E2D-AE95-DAA5BF3F2C26}.Debug|iPhoneSimulator.Build.0 = Debug|iPhoneSimulator
		{4DACE304-12AA-4E2D-AE95-DAA5BF3F2C26}.Release|iPhoneSimulator.ActiveCfg = Release|iPhoneSimulator
		{4DACE304-12AA-4E2D-AE95-DAA5BF3F2C26}.Release|iPhoneSimulator.Build.0 = Release|iPhoneSimulator
		{4DACE304-12AA-4E2D-AE95-DAA5BF3F2C26}.Debug|iPhone.ActiveCfg = Debug|iPhone
		{4DACE304-12AA-4E2D-AE95-DAA5BF3F2C26}.Debug|iPhone.Build.0 = Debug|iPhone
		{4DACE304-12AA-4E2D-AE95-DAA5BF3F2C26}.Release|iPhone.ActiveCfg = Release|iPhone
		{4DACE304-12AA-4E2D-AE95-DAA5BF3F2C26}.Release|iPhone.Build.0 = Release|iPhone
	EndGlobalSection
EndGlobal
